{
  "requires": true,
  "lockfileVersion": 1,
  "dependencies": {
    "vuetify-dialog": {
      "version": "2.0.16",
      "resolved": "https://registry.npmjs.org/vuetify-dialog/-/vuetify-dialog-2.0.16.tgz",
      "integrity": "sha512-AF/6lXbq47cMARE3tNb4ft8IxFXyDfsqKqMsnetdr3B9ysOuV0pXAuZxkNd47T3axgaQ3sTZtmY4ylRhBxpWzQ=="
    }
  }
}
